
Microsoft Visual Studio Solution File, Format Version 12.00
# Visual Studio 15
VisualStudioVersion = 15.0.27428.2002
MinimumVisualStudioVersion = 10.0.40219.1
Project("{FAE04EC0-301F-11D3-BF4B-00C04F79EFBC}") = "ArgsDotNet", "ArgsDotNet\ArgsDotNet.csproj", "{A1286ABB-9ECB-4DC2-B170-64CA556A2693}"
EndProject
Global
	GlobalSection(SolutionConfigurationPlatforms) = preSolution
		Debug|Any CPU = Debug|Any CPU
		Release|Any CPU = Release|Any CPU
	EndGlobalSection
	GlobalSection(ProjectConfigurationPlatforms) = postSolution
		{A1286ABB-9ECB-4DC2-B170-64CA556A2693}.Debug|Any CPU.ActiveCfg = Debug|Any CPU
		{A1286ABB-9ECB-4DC2-B170-64CA556A2693}.Debug|Any CPU.Build.0 = Debug|Any CPU
		{A1286ABB-9ECB-4DC2-B170-64CA556A2693}.Release|Any CPU.ActiveCfg = Release|Any CPU
		{A1286ABB-9ECB-4DC2-B170-64CA556A2693}.Release|Any CPU.Build.0 = Release|Any CPU
	EndGlobalSection
	GlobalSection(SolutionProperties) = preSolution
		HideSolutionNode = FALSE
	EndGlobalSection
	GlobalSection(ExtensibilityGlobals) = postSolution
		SolutionGuid = {484B8518-883F-45BF-9246-FDEA5511F8ED}
	EndGlobalSection
EndGlobal
