
Microsoft Visual Studio Solution File, Format Version 12.00
# Visual Studio 15
VisualStudioVersion = 15.0.27428.2002
MinimumVisualStudioVersion = 10.0.40219.1
Project("{9A19103F-16F7-4668-BE54-9A1E7A4F7556}") = "ArgsDotNet", "ArgsDotNet\ArgsDotNet.csproj", "{A1286ABB-9ECB-4DC2-B170-64CA556A2693}"
EndProject
Project("{9A19103F-16F7-4668-BE54-9A1E7A4F7556}") = "ArgsDotNet.Tests", "ArgsDotNet.Tests\ArgsDotNet.Tests.csproj", "{99365375-A888-4E48-873D-1774536A49AA}"
EndProject
Global
	GlobalSection(SolutionConfigurationPlatforms) = preSolution
		Debug|Any CPU = Debug|Any CPU
		Release|Any CPU = Release|Any CPU
	EndGlobalSection
	GlobalSection(ProjectConfigurationPlatforms) = postSolution
		{A1286ABB-9ECB-4DC2-B170-64CA556A2693}.Debug|Any CPU.ActiveCfg = Debug|Any CPU
		{A1286ABB-9ECB-4DC2-B170-64CA556A2693}.Debug|Any CPU.Build.0 = Debug|Any CPU
		{A1286ABB-9ECB-4DC2-B170-64CA556A2693}.Release|Any CPU.ActiveCfg = Release|Any CPU
		{A1286ABB-9ECB-4DC2-B170-64CA556A2693}.Release|Any CPU.Build.0 = Release|Any CPU
		{99365375-A888-4E48-873D-1774536A49AA}.Debug|Any CPU.ActiveCfg = Debug|Any CPU
		{99365375-A888-4E48-873D-1774536A49AA}.Debug|Any CPU.Build.0 = Debug|Any CPU
		{99365375-A888-4E48-873D-1774536A49AA}.Release|Any CPU.ActiveCfg = Release|Any CPU
		{99365375-A888-4E48-873D-1774536A49AA}.Release|Any CPU.Build.0 = Release|Any CPU
	EndGlobalSection
	GlobalSection(SolutionProperties) = preSolution
		HideSolutionNode = FALSE
	EndGlobalSection
	GlobalSection(ExtensibilityGlobals) = postSolution
		SolutionGuid = {484B8518-883F-45BF-9246-FDEA5511F8ED}
	EndGlobalSection
EndGlobal
